{
  "name": "workshop-overpy-skills",
  "version": "0.1.0",
  "lockfileVersion": 3,
  "requires": true,
  "packages": {
    "": {
      "name": "workshop-overpy-skills",
      "version": "0.1.0",
      "license": "GPL-3.0-only",
      "devDependencies": {
        "overpy": "9.7.17"
      },
      "engines": {
        "node": ">=24 <25"
      }
    },
    "node_modules/overpy": {
      "version": "9.7.17",
      "resolved": "https://registry.npmjs.org/overpy/-/overpy-9.7.17.tgz",
      "integrity": "sha512-C5F6btT5yn19BvHuE0bjMuSd/2esebBabmpL4SYLQFuJ4IdouVOKEoMLLuJFAyNc0Phwrolblj5GDkDGYR0ofg==",
      "dev": true,
      "bin": {
        "overpy": "cli.js"
      }
    }
  }
}
